
Microsoft Visual Studio Solution File, Format Version 12.00
# Visual Studio Version 16
VisualStudioVersion = 16.0.29911.84
MinimumVisualStudioVersion = 10.0.40219.1
Project("{FAE04EC0-301F-11D3-BF4B-00C04F79EFBC}") = "WatchGuardExceptionManager", "WatchGuardExceptionManager\WatchGuardExceptionManager.csproj", "{D8DF9C7D-F5B9-44A2-8A51-D2C3D31D1587}"
EndProject
Global
	GlobalSection(SolutionConfigurationPlatforms) = preSolution
		Debug|Any CPU = Debug|Any CPU
		Release|Any CPU = Release|Any CPU
	EndGlobalSection
	GlobalSection(ProjectConfigurationPlatforms) = postSolution
		{D8DF9C7D-F5B9-44A2-8A51-D2C3D31D1587}.Debug|Any CPU.ActiveCfg = Debug|Any CPU
		{D8DF9C7D-F5B9-44A2-8A51-D2C3D31D1587}.Debug|Any CPU.Build.0 = Debug|Any CPU
		{D8DF9C7D-F5B9-44A2-8A51-D2C3D31D1587}.Release|Any CPU.ActiveCfg = Release|Any CPU
		{D8DF9C7D-F5B9-44A2-8A51-D2C3D31D1587}.Release|Any CPU.Build.0 = Release|Any CPU
	EndGlobalSection
	GlobalSection(SolutionProperties) = preSolution
		HideSolutionNode = FALSE
	EndGlobalSection
	GlobalSection(ExtensibilityGlobals) = postSolution
		SolutionGuid = {1F4C08FF-EE7A-45AB-A553-18A068141623}
	EndGlobalSection
EndGlobal
